# This file is automatically @generated by Wally.
# It is not intended for manual editing.
registry = "test"

[[package]]
name = "carls/rojo-project"
version = "0.1.0"
dependencies = [["AnimNation", "michaeldougal/animnation@1.13.1"], ["BezierPath", "omrezkeypie/bezierpath@2.1.0"], ["Charm", "littensy/charm@0.10.0"], ["Cmdr", "evaera/cmdr@1.12.0"], ["Comm", "sleitnick/comm@1.0.1"], ["Component", "sleitnick/component@2.4.8"], ["Fusion", "elttob/fusion@0.3.0"], ["Janitor", "howmanysmall/janitor@1.18.3"], ["Loader", "sleitnick/loader@2.0.0"], ["Net", "sleitnick/net@0.2.0"], ["Observers", "shouxtech/observers@0.1.3"], ["Pooler", "lewisakura/pooler@1.0.1"], ["Promise", "evaera/promise@4.0.0"], ["Shake", "sleitnick/shake@1.1.0"], ["Sift", "csqrl/sift@0.0.11"], ["Signal", "sleitnick/signal@2.0.3"], ["SimplePath", "jessekroeske/simplepath@2.2.2"], ["Streamable", "sleitnick/streamable@1.2.4"], ["TaskQueue", "sleitnick/task-queue@1.0.0"], ["Trove", "sleitnick/trove@1.8.0"], ["Zoneplus", "mattschrubb/zoneplus@3.2.0"], ["ProfileStore", "lm-loleris/profilestore@1.0.3"]]

[[package]]
name = "csqrl/sift"
version = "0.0.11"
dependencies = []

[[package]]
name = "elttob/fusion"
version = "0.3.0"
dependencies = []

[[package]]
name = "evaera/cmdr"
version = "1.12.0"
dependencies = []

[[package]]
name = "evaera/promise"
version = "4.0.0"
dependencies = []

[[package]]
name = "howmanysmall/janitor"
version = "1.18.3"
dependencies = [["Promise", "howmanysmall/typed-promise@4.0.6"]]

[[package]]
name = "howmanysmall/typed-promise"
version = "4.0.6"
dependencies = [["Promise", "evaera/promise@4.0.0"]]

[[package]]
name = "jessekroeske/simplepath"
version = "2.2.2"
dependencies = []

[[package]]
name = "lewisakura/pooler"
version = "1.0.1"
dependencies = []

[[package]]
name = "littensy/charm"
version = "0.10.0"
dependencies = []

[[package]]
name = "lm-loleris/profilestore"
version = "1.0.3"
dependencies = []

[[package]]
name = "mattschrubb/zoneplus"
version = "3.2.0"
dependencies = []

[[package]]
name = "michaeldougal/animnation"
version = "1.13.1"
dependencies = []

[[package]]
name = "omrezkeypie/bezierpath"
version = "2.1.0"
dependencies = []

[[package]]
name = "shouxtech/observers"
version = "0.1.3"
dependencies = []

[[package]]
name = "sleitnick/comm"
version = "1.0.1"
dependencies = [["Option", "sleitnick/option@1.0.5"], ["Promise", "evaera/promise@4.0.0"], ["Signal", "sleitnick/signal@2.0.3"]]

[[package]]
name = "sleitnick/component"
version = "2.4.8"
dependencies = [["Promise", "evaera/promise@4.0.0"], ["Signal", "sleitnick/signal@2.0.3"], ["Symbol", "sleitnick/symbol@2.0.1"], ["Trove", "sleitnick/trove@1.8.0"]]

[[package]]
name = "sleitnick/loader"
version = "2.0.0"
dependencies = []

[[package]]
name = "sleitnick/net"
version = "0.2.0"
dependencies = []

[[package]]
name = "sleitnick/option"
version = "1.0.5"
dependencies = []

[[package]]
name = "sleitnick/shake"
version = "1.1.0"
dependencies = []

[[package]]
name = "sleitnick/signal"
version = "1.5.0"
dependencies = []

[[package]]
name = "sleitnick/signal"
version = "2.0.3"
dependencies = []

[[package]]
name = "sleitnick/streamable"
version = "1.2.4"
dependencies = [["Signal", "sleitnick/signal@1.5.0"], ["Trove", "sleitnick/trove@0.4.2"]]

[[package]]
name = "sleitnick/symbol"
version = "2.0.1"
dependencies = []

[[package]]
name = "sleitnick/task-queue"
version = "1.0.0"
dependencies = []

[[package]]
name = "sleitnick/trove"
version = "0.4.2"
dependencies = []

[[package]]
name = "sleitnick/trove"
version = "1.8.0"
dependencies = []
